PODS:
  - EFInternetIndicator (0.0.6):
    - SwiftMessages (~> 7.0.0)
  - SwiftMessages (7.0.0):
    - SwiftMessages/App (= 7.0.0)
  - SwiftMessages/App (7.0.0)

DEPENDENCIES:
  - EFInternetIndicator (from `../`)

SPEC REPOS:
  https://github.com/cocoapods/specs.git:
    - SwiftMessages

EXTERNAL SOURCES:
  EFInternetIndicator:
    :path: "../"

SPEC CHECKSUMS:
  EFInternetIndicator: d37367c540764a34c3d09b2ac953566b35afc330
  SwiftMessages: a952f7a9103d9aeab93730a2861d2d8fcdd8758f

PODFILE CHECKSUM: 8e2f1e2aa1e7bcede3b95da3211a39ba70a31291

COCOAPODS: 1.5.3
